// !$*UTF8*$!
{
	archiveVersion = 1;
	classes = {
	};
	objectVersion = 55;
	objects = {

/* Begin PBXBuildFile section */
		2CA2CFCA278C9BAD00E69795 /* AppDelegate.swift in Sources */ = {isa = PBXBuildFile; fileRef = 2CA2CFC9278C9BAD00E69795 /* AppDelegate.swift */; };
		2CA2CFCC278C9BAD00E69795 /* SceneDelegate.swift in Sources */ = {isa = PBXBuildFile; fileRef = 2CA2CFCB278C9BAD00E69795 /* SceneDelegate.swift */; };
		2CA2CFCE278C9BAD00E69795 /* ViewController.swift in Sources */ = {isa = PBXBuildFile; fileRef = 2CA2CFCD278C9BAD00E69795 /* ViewController.swift */; };
		2CA2CFD1278C9BAD00E69795 /* Main.storyboard in Resources */ = {isa = PBXBuildFile; fileRef = 2CA2CFCF278C9BAD00E69795 /* Main.storyboard */; };
		2CA2CFD4278C9BAD00E69795 /* CoreDataToDoList.xcdatamodeld in Sources */ = {isa = PBXBuildFile; fileRef = 2CA2CFD2278C9BAD00E69795 /* CoreDataToDoList.xcdatamodeld */; };
		2CA2CFD6278C9BAF00E69795 /* Assets.xcassets in Resources */ = {isa = PBXBuildFile; fileRef = 2CA2CFD5278C9BAF00E69795 /* Assets.xcassets */; };
		2CA2CFD9278C9BAF00E69795 /* LaunchScreen.storyboard in Resources */ = {isa = PBXBuildFile; fileRef = 2CA2CFD7278C9BAF00E69795 /* LaunchScreen.storyboard */; };
		2CA2CFE2278C9F7300E69795 /* ToDoListItem+CoreDataClass.swift in Sources */ = {isa = PBXBuildFile; fileRef = 2CA2CFE0278C9F7300E69795 /* ToDoListItem+CoreDataClass.swift */; };
		2CA2CFE3278C9F7300E69795 /* ToDoListItem+CoreDataProperties.swift in Sources */ = {isa = PBXBuildFile; fileRef = 2CA2CFE1278C9F7300E69795 /* ToDoListItem+CoreDataProperties.swift */; };
		2CA2CFE5278CAB7E00E69795 /* ItemTableViewCell.swift in Sources */ = {isa = PBXBuildFile; fileRef = 2CA2CFE4278CAB7E00E69795 /* ItemTableViewCell.swift */; };
/* End PBXBuildFile section */

/* Begin PBXFileReference section */
		2CA2CFC6278C9BAD00E69795 /* CoreDataToDoList.app */ = {isa = PBXFileReference; explicitFileType = wrapper.application; includeInIndex = 0; path = CoreDataToDoList.app; sourceTree = BUILT_PRODUCTS_DIR; };
		2CA2CFC9278C9BAD00E69795 /* AppDelegate.swift */ = {isa = PBXFileReference; lastKnownFileType = sourcecode.swift; path = AppDelegate.swift; sourceTree = "<group>"; };
		2CA2CFCB278C9BAD00E69795 /* SceneDelegate.swift */ = {isa = PBXFileReference; lastKnownFileType = sourcecode.swift; path = SceneDelegate.swift; sourceTree = "<group>"; };
		2CA2CFCD278C9BAD00E69795 /* ViewController.swift */ = {isa = PBXFileReference; lastKnownFileType = sourcecode.swift; path = ViewController.swift; sourceTree = "<group>"; };
		2CA2CFD0278C9BAD00E69795 /* Base */ = {isa = PBXFileReference; lastKnownFileType = file.storyboard; name = Base; path = Base.lproj/Main.storyboard; sourceTree = "<group>"; };
		2CA2CFD3278C9BAD00E69795 /* CoreDataToDoList.xcdatamodel */ = {isa = PBXFileReference; lastKnownFileType = wrapper.xcdatamodel; path = CoreDataToDoList.xcdatamodel; sourceTree = "<group>"; };
		2CA2CFD5278C9BAF00E69795 /* Assets.xcassets */ = {isa = PBXFileReference; lastKnownFileType = folder.assetcatalog; path = Assets.xcassets; sourceTree = "<group>"; };
		2CA2CFD8278C9BAF00E69795 /* Base */ = {isa = PBXFileReference; lastKnownFileType = file.storyboard; name = Base; path = Base.lproj/LaunchScreen.storyboard; sourceTree = "<group>"; };
		2CA2CFDA278C9BAF00E69795 /* Info.plist */ = {isa = PBXFileReference; lastKnownFileType = text.plist.xml; path = Info.plist; sourceTree = "<group>"; };
		2CA2CFE0278C9F7300E69795 /* ToDoListItem+CoreDataClass.swift */ = {isa = PBXFileReference; lastKnownFileType = sourcecode.swift; path = "ToDoListItem+CoreDataClass.swift"; sourceTree = "<group>"; };
		2CA2CFE1278C9F7300E69795 /* ToDoListItem+CoreDataProperties.swift */ = {isa = PBXFileReference; lastKnownFileType = sourcecode.swift; path = "ToDoListItem+CoreDataProperties.swift"; sourceTree = "<group>"; };
		2CA2CFE4278CAB7E00E69795 /* ItemTableViewCell.swift */ = {isa = PBXFileReference; lastKnownFileType = sourcecode.swift; path = ItemTableViewCell.swift; sourceTree = "<group>"; };
/* End PBXFileReference section */

/* Begin PBXFrameworksBuildPhase section */
		2CA2CFC3278C9BAD00E69795 /* Frameworks */ = {
			isa = PBXFrameworksBuildPhase;
			buildActionMask = 2147483647;
			files = (
			);
			runOnlyForDeploymentPostprocessing = 0;
		};
/* End PBXFrameworksBuildPhase section */

/* Begin PBXGroup section */
		2CA2CFBD278C9BAD00E69795 = {
			isa = PBXGroup;
			children = (
				2CA2CFE0278C9F7300E69795 /* ToDoListItem+CoreDataClass.swift */,
				2CA2CFE1278C9F7300E69795 /* ToDoListItem+CoreDataProperties.swift */,
				2CA2CFC8278C9BAD00E69795 /* CoreDataToDoList */,
				2CA2CFC7278C9BAD00E69795 /* Products */,
			);
			sourceTree = "<group>";
		};
		2CA2CFC7278C9BAD00E69795 /* Products */ = {
			isa = PBXGroup;
			children = (
				2CA2CFC6278C9BAD00E69795 /* CoreDataToDoList.app */,
			);
			name = Products;
			sourceTree = "<group>";
		};
		2CA2CFC8278C9BAD00E69795 /* CoreDataToDoList */ = {
			isa = PBXGroup;
			children = (
				2CA2CFC9278C9BAD00E69795 /* AppDelegate.swift */,
				2CA2CFCB278C9BAD00E69795 /* SceneDelegate.swift */,
				2CA2CFCD278C9BAD00E69795 /* ViewController.swift */,
				2CA2CFCF278C9BAD00E69795 /* Main.storyboard */,
				2CA2CFD5278C9BAF00E69795 /* Assets.xcassets */,
				2CA2CFD7278C9BAF00E69795 /* LaunchScreen.storyboard */,
				2CA2CFDA278C9BAF00E69795 /* Info.plist */,
				2CA2CFD2278C9BAD00E69795 /* CoreDataToDoList.xcdatamodeld */,
				2CA2CFE4278CAB7E00E69795 /* ItemTableViewCell.swift */,
			);
			path = CoreDataToDoList;
			sourceTree = "<group>";
		};
/* End PBXGroup section */

/* Begin PBXNativeTarget section */
		2CA2CFC5278C9BAD00E69795 /* CoreDataToDoList */ = {
			isa = PBXNativeTarget;
			buildConfigurationList = 2CA2CFDD278C9BAF00E69795 /* Build configuration list for PBXNativeTarget "CoreDataToDoList" */;
			buildPhases = (
				2CA2CFC2278C9BAD00E69795 /* Sources */,
				2CA2CFC3278C9BAD00E69795 /* Frameworks */,
				2CA2CFC4278C9BAD00E69795 /* Resources */,
			);
			buildRules = (
			);
			dependencies = (
			);
			name = CoreDataToDoList;
			productName = CoreDataToDoList;
			productReference = 2CA2CFC6278C9BAD00E69795 /* CoreDataToDoList.app */;
			productType = "com.apple.product-type.application";
		};
/* End PBXNativeTarget section */

/* Begin PBXProject section */
		2CA2CFBE278C9BAD00E69795 /* Project object */ = {
			isa = PBXProject;
			attributes = {
				BuildIndependentTargetsInParallel = 1;
				LastSwiftUpdateCheck = 1320;
				LastUpgradeCheck = 1320;
				TargetAttributes = {
					2CA2CFC5278C9BAD00E69795 = {
						CreatedOnToolsVersion = 13.2.1;
					};
				};
			};
			buildConfigurationList = 2CA2CFC1278C9BAD00E69795 /* Build configuration list for PBXProject "CoreDataToDoList" */;
			compatibilityVersion = "Xcode 13.0";
			developmentRegion = en;
			hasScannedForEncodings = 0;
			knownRegions = (
				en,
				Base,
			);
			mainGroup = 2CA2CFBD278C9BAD00E69795;
			productRefGroup = 2CA2CFC7278C9BAD00E69795 /* Products */;
			projectDirPath = "";
			projectRoot = "";
			targets = (
				2CA2CFC5278C9BAD00E69795 /* CoreDataToDoList */,
			);
		};
/* End PBXProject section */

/* Begin PBXResourcesBuildPhase section */
		2CA2CFC4278C9BAD00E69795 /* Resources */ = {
			isa = PBXResourcesBuildPhase;
			buildActionMask = 2147483647;
			files = (
				2CA2CFD9278C9BAF00E69795 /* LaunchScreen.storyboard in Resources */,
				2CA2CFD6278C9BAF00E69795 /* Assets.xcassets in Resources */,
				2CA2CFD1278C9BAD00E69795 /* Main.storyboard in Resources */,
			);
			runOnlyForDeploymentPostprocessing = 0;
		};
/* End PBXResourcesBuildPhase section */

/* Begin PBXSourcesBuildPhase section */
		2CA2CFC2278C9BAD00E69795 /* Sources */ = {
			isa = PBXSourcesBuildPhase;
			buildActionMask = 2147483647;
			files = (
				2CA2CFCE278C9BAD00E69795 /* ViewController.swift in Sources */,
				2CA2CFCA278C9BAD00E69795 /* AppDelegate.swift in Sources */,
				2CA2CFD4278C9BAD00E69795 /* CoreDataToDoList.xcdatamodeld in Sources */,
				2CA2CFE2278C9F7300E69795 /* ToDoListItem+CoreDataClass.swift in Sources */,
				2CA2CFE3278C9F7300E69795 /* ToDoListItem+CoreDataProperties.swift in Sources */,
				2CA2CFE5278CAB7E00E69795 /* ItemTableViewCell.swift in Sources */,
				2CA2CFCC278C9BAD00E69795 /* SceneDelegate.swift in Sources */,
			);
			runOnlyForDeploymentPostprocessing = 0;
		};
/* End PBXSourcesBuildPhase section */

/* Begin PBXVariantGroup section */
		2CA2CFCF278C9BAD00E69795 /* Main.storyboard */ = {
			isa = PBXVariantGroup;
			children = (
				2CA2CFD0278C9BAD00E69795 /* Base */,
			);
			name = Main.storyboard;
			sourceTree = "<group>";
		};
		2CA2CFD7278C9BAF00E69795 /* LaunchScreen.storyboard */ = {
			isa = PBXVariantGroup;
			children = (
				2CA2CFD8278C9BAF00E69795 /* Base */,
			);
			name = LaunchScreen.storyboard;
			sourceTree = "<group>";
		};
/* End PBXVariantGroup section */

/* Begin XCBuildConfiguration section */
		2CA2CFDB278C9BAF00E69795 /* Debug */ = {
			isa = XCBuildConfiguration;
			buildSettings = {
				ALWAYS_SEARCH_USER_PATHS = NO;
				CLANG_ANALYZER_NONNULL = YES;
				CLANG_ANALYZER_NUMBER_OBJECT_CONVERSION = YES_AGGRESSIVE;
				CLANG_CXX_LANGUAGE_STANDARD = "gnu++17";
				CLANG_CXX_LIBRARY = "libc++";
				CLANG_ENABLE_MODULES = YES;
				CLANG_ENABLE_OBJC_ARC = YES;
				CLANG_ENABLE_OBJC_WEAK = YES;
				CLANG_WARN_BLOCK_CAPTURE_AUTORELEASING = YES;
				CLANG_WARN_BOOL_CONVERSION = YES;
				CLANG_WARN_COMMA = YES;
				CLANG_WARN_CONSTANT_CONVERSION = YES;
				CLANG_WARN_DEPRECATED_OBJC_IMPLEMENTATIONS = YES;
				CLANG_WARN_DIRECT_OBJC_ISA_USAGE = YES_ERROR;
				CLANG_WARN_DOCUMENTATION_COMMENTS = YES;
				CLANG_WARN_EMPTY_BODY = YES;
				CLANG_WARN_ENUM_CONVERSION = YES;
				CLANG_WARN_INFINITE_RECURSION = YES;
				CLANG_WARN_INT_CONVERSION = YES;
				CLANG_WARN_NON_LITERAL_NULL_CONVERSION = YES;
				CLANG_WARN_OBJC_IMPLICIT_RETAIN_SELF = YES;
				CLANG_WARN_OBJC_LITERAL_CONVERSION = YES;
				CLANG_WARN_OBJC_ROOT_CLASS = YES_ERROR;
				CLANG_WARN_QUOTED_INCLUDE_IN_FRAMEWORK_HEADER = YES;
				CLANG_WARN_RANGE_LOOP_ANALYSIS = YES;
				CLANG_WARN_STRICT_PROTOTYPES = YES;
				CLANG_WARN_SUSPICIOUS_MOVE = YES;
				CLANG_WARN_UNGUARDED_AVAILABILITY = YES_AGGRESSIVE;
				CLANG_WARN_UNREACHABLE_CODE = YES;
				CLANG_WARN__DUPLICATE_METHOD_MATCH = YES;
				COPY_PHASE_STRIP = NO;
				DEBUG_INFORMATION_FORMAT = dwarf;
				ENABLE_STRICT_OBJC_MSGSEND = YES;
				ENABLE_TESTABILITY = YES;
				GCC_C_LANGUAGE_STANDARD = gnu11;
				GCC_DYNAMIC_NO_PIC = NO;
				GCC_NO_COMMON_BLOCKS = YES;
				GCC_OPTIMIZATION_LEVEL = 0;
				GCC_PREPROCESSOR_DEFINITIONS = (
					"DEBUG=1",
					"$(inherited)",
				);
				GCC_WARN_64_TO_32_BIT_CONVERSION = YES;
				GCC_WARN_ABOUT_RETURN_TYPE = YES_ERROR;
				GCC_WARN_UNDECLARED_SELECTOR = YES;
				GCC_WARN_UNINITIALIZED_AUTOS = YES_AGGRESSIVE;
				GCC_WARN_UNUSED_FUNCTION = YES;
				GCC_WARN_UNUSED_VARIABLE = YES;
				IPHONEOS_DEPLOYMENT_TARGET = 15.2;
				MTL_ENABLE_DEBUG_INFO = INCLUDE_SOURCE;
				MTL_FAST_MATH = YES;
				ONLY_ACTIVE_ARCH = YES;
				SDKROOT = iphoneos;
				SWIFT_ACTIVE_COMPILATION_CONDITIONS = DEBUG;
				SWIFT_OPTIMIZATION_LEVEL = "-Onone";
			};
			name = Debug;
		};
		2CA2CFDC278C9BAF00E69795 /* Release */ = {
			isa = XCBuildConfiguration;
			buildSettings = {
				ALWAYS_SEARCH_USER_PATHS = NO;
				CLANG_ANALYZER_NONNULL = YES;
				CLANG_ANALYZER_NUMBER_OBJECT_CONVERSION = YES_AGGRESSIVE;
				CLANG_CXX_LANGUAGE_STANDARD = "gnu++17";
				CLANG_CXX_LIBRARY = "libc++";
				CLANG_ENABLE_MODULES = YES;
				CLANG_ENABLE_OBJC_ARC = YES;
				CLANG_ENABLE_OBJC_WEAK = YES;
				CLANG_WARN_BLOCK_CAPTURE_AUTORELEASING = YES;
				CLANG_WARN_BOOL_CONVERSION = YES;
				CLANG_WARN_COMMA = YES;
				CLANG_WARN_CONSTANT_CONVERSION = YES;
				CLANG_WARN_DEPRECATED_OBJC_IMPLEMENTATIONS = YES;
				CLANG_WARN_DIRECT_OBJC_ISA_USAGE = YES_ERROR;
				CLANG_WARN_DOCUMENTATION_COMMENTS = YES;
				CLANG_WARN_EMPTY_BODY = YES;
				CLANG_WARN_ENUM_CONVERSION = YES;
				CLANG_WARN_INFINITE_RECURSION = YES;
				CLANG_WARN_INT_CONVERSION = YES;
				CLANG_WARN_NON_LITERAL_NULL_CONVERSION = YES;
				CLANG_WARN_OBJC_IMPLICIT_RETAIN_SELF = YES;
				CLANG_WARN_OBJC_LITERAL_CONVERSION = YES;
				CLANG_WARN_OBJC_ROOT_CLASS = YES_ERROR;
				CLANG_WARN_QUOTED_INCLUDE_IN_FRAMEWORK_HEADER = YES;
				CLANG_WARN_RANGE_LOOP_ANALYSIS = YES;
				CLANG_WARN_STRICT_PROTOTYPES = YES;
				CLANG_WARN_SUSPICIOUS_MOVE = YES;
				CLANG_WARN_UNGUARDED_AVAILABILITY = YES_AGGRESSIVE;
				CLANG_WARN_UNREACHABLE_CODE = YES;
				CLANG_WARN__DUPLICATE_METHOD_MATCH = YES;
				COPY_PHASE_STRIP = NO;
				DEBUG_INFORMATION_FORMAT = "dwarf-with-dsym";
				ENABLE_NS_ASSERTIONS = NO;
				ENABLE_STRICT_OBJC_MSGSEND = YES;
				GCC_C_LANGUAGE_STANDARD = gnu11;
				GCC_NO_COMMON_BLOCKS = YES;
				GCC_WARN_64_TO_32_BIT_CONVERSION = YES;
				GCC_WARN_ABOUT_RETURN_TYPE = YES_ERROR;
				GCC_WARN_UNDECLARED_SELECTOR = YES;
				GCC_WARN_UNINITIALIZED_AUTOS = YES_AGGRESSIVE;
				GCC_WARN_UNUSED_FUNCTION = YES;
				GCC_WARN_UNUSED_VARIABLE = YES;
				IPHONEOS_DEPLOYMENT_TARGET = 15.2;
				MTL_ENABLE_DEBUG_INFO = NO;
				MTL_FAST_MATH = YES;
				SDKROOT = iphoneos;
				SWIFT_COMPILATION_MODE = wholemodule;
				SWIFT_OPTIMIZATION_LEVEL = "-O";
				VALIDATE_PRODUCT = YES;
			};
			name = Release;
		};
		2CA2CFDE278C9BAF00E69795 /* Debug */ = {
			isa = XCBuildConfiguration;
			buildSettings = {
				ASSETCATALOG_COMPILER_APPICON_NAME = AppIcon;
				ASSETCATALOG_COMPILER_GLOBAL_ACCENT_COLOR_NAME = AccentColor;
				CODE_SIGN_STYLE = Automatic;
				CURRENT_PROJECT_VERSION = 1;
				GENERATE_INFOPLIST_FILE = YES;
				INFOPLIST_FILE = CoreDataToDoList/Info.plist;
				INFOPLIST_KEY_UIApplicationSupportsIndirectInputEvents = YES;
				INFOPLIST_KEY_UILaunchStoryboardName = LaunchScreen;
				INFOPLIST_KEY_UIMainStoryboardFile = Main;
				INFOPLIST_KEY_UISupportedInterfaceOrientations_iPad = "UIInterfaceOrientationPortrait UIInterfaceOrientationPortraitUpsideDown UIInterfaceOrientationLandscapeLeft UIInterfaceOrientationLandscapeRight";
				INFOPLIST_KEY_UISupportedInterfaceOrientations_iPhone = "UIInterfaceOrientationPortrait UIInterfaceOrientationLandscapeLeft UIInterfaceOrientationLandscapeRight";
				LD_RUNPATH_SEARCH_PATHS = (
					"$(inherited)",
					"@executable_path/Frameworks",
				);
				MARKETING_VERSION = 1.0;
				PRODUCT_BUNDLE_IDENTIFIER = praksa.CoreDataToDoList;
				PRODUCT_NAME = "$(TARGET_NAME)";
				SWIFT_EMIT_LOC_STRINGS = YES;
				SWIFT_VERSION = 5.0;
				TARGETED_DEVICE_FAMILY = "1,2";
			};
			name = Debug;
		};
		2CA2CFDF278C9BAF00E69795 /* Release */ = {
			isa = XCBuildConfiguration;
			buildSettings = {
				ASSETCATALOG_COMPILER_APPICON_NAME = AppIcon;
				ASSETCATALOG_COMPILER_GLOBAL_ACCENT_COLOR_NAME = AccentColor;
				CODE_SIGN_STYLE = Automatic;
				CURRENT_PROJECT_VERSION = 1;
				GENERATE_INFOPLIST_FILE = YES;
				INFOPLIST_FILE = CoreDataToDoList/Info.plist;
				INFOPLIST_KEY_UIApplicationSupportsIndirectInputEvents = YES;
				INFOPLIST_KEY_UILaunchStoryboardName = LaunchScreen;
				INFOPLIST_KEY_UIMainStoryboardFile = Main;
				INFOPLIST_KEY_UISupportedInterfaceOrientations_iPad = "UIInterfaceOrientationPortrait UIInterfaceOrientationPortraitUpsideDown UIInterfaceOrientationLandscapeLeft UIInterfaceOrientationLandscapeRight";
				INFOPLIST_KEY_UISupportedInterfaceOrientations_iPhone = "UIInterfaceOrientationPortrait UIInterfaceOrientationLandscapeLeft UIInterfaceOrientationLandscapeRight";
				LD_RUNPATH_SEARCH_PATHS = (
					"$(inherited)",
					"@executable_path/Frameworks",
				);
				MARKETING_VERSION = 1.0;
				PRODUCT_BUNDLE_IDENTIFIER = praksa.CoreDataToDoList;
				PRODUCT_NAME = "$(TARGET_NAME)";
				SWIFT_EMIT_LOC_STRINGS = YES;
				SWIFT_VERSION = 5.0;
				TARGETED_DEVICE_FAMILY = "1,2";
			};
			name = Release;
		};
/* End XCBuildConfiguration section */

/* Begin XCConfigurationList section */
		2CA2CFC1278C9BAD00E69795 /* Build configuration list for PBXProject "CoreDataToDoList" */ = {
			isa = XCConfigurationList;
			buildConfigurations = (
				2CA2CFDB278C9BAF00E69795 /* Debug */,
				2CA2CFDC278C9BAF00E69795 /* Release */,
			);
			defaultConfigurationIsVisible = 0;
			defaultConfigurationName = Release;
		};
		2CA2CFDD278C9BAF00E69795 /* Build configuration list for PBXNativeTarget "CoreDataToDoList" */ = {
			isa = XCConfigurationList;
			buildConfigurations = (
				2CA2CFDE278C9BAF00E69795 /* Debug */,
				2CA2CFDF278C9BAF00E69795 /* Release */,
			);
			defaultConfigurationIsVisible = 0;
			defaultConfigurationName = Release;
		};
/* End XCConfigurationList section */

/* Begin XCVersionGroup section */
		2CA2CFD2278C9BAD00E69795 /* CoreDataToDoList.xcdatamodeld */ = {
			isa = XCVersionGroup;
			children = (
				2CA2CFD3278C9BAD00E69795 /* CoreDataToDoList.xcdatamodel */,
			);
			currentVersion = 2CA2CFD3278C9BAD00E69795 /* CoreDataToDoList.xcdatamodel */;
			path = CoreDataToDoList.xcdatamodeld;
			sourceTree = "<group>";
			versionGroupType = wrapper.xcdatamodel;
		};
/* End XCVersionGroup section */
	};
	rootObject = 2CA2CFBE278C9BAD00E69795 /* Project object */;
}
